
Microsoft Visual Studio Solution File, Format Version 12.00
# Visual Studio Version 17
VisualStudioVersion = 17.3.32825.248
MinimumVisualStudioVersion = 10.0.40219.1
Project("{2150E333-8FDC-42A3-9474-1A3956D46DE8}") = "Services", "Services", "{DE86AF24-4495-43AF-BC33-EC98E34801D6}"
EndProject
Project("{9A19103F-16F7-4668-BE54-9A1E7A4F7556}") = "Catalog.API", "Services\Catalog\Catalog.API\Catalog.API.csproj", "{C8AF2C0F-18BA-4885-A469-1C45EC03F1C7}"
EndProject
Project("{2150E333-8FDC-42A3-9474-1A3956D46DE8}") = "Catalog", "Catalog", "{A40A0E01-BB11-435C-8A66-9584840E94FE}"
EndProject
Project("{2150E333-8FDC-42A3-9474-1A3956D46DE8}") = "Basket", "Basket", "{1C85B88D-9780-4008-8FBC-CFB0D589FDAB}"
EndProject
Project("{9A19103F-16F7-4668-BE54-9A1E7A4F7556}") = "Basket.API", "Services\Basket\Basket.API\Basket.API.csproj", "{4571F225-6401-40E5-B9C5-731BD6612B1E}"
EndProject
Project("{2150E333-8FDC-42A3-9474-1A3956D46DE8}") = "Order", "Order", "{4CDA71D4-17FD-4EB9-8808-CE39312EAD33}"
EndProject
Project("{9A19103F-16F7-4668-BE54-9A1E7A4F7556}") = "Orders.API", "Services\Order\Orders.API\Orders.API.csproj", "{41ECFC6C-9278-4304-BB37-546C1D788CAB}"
EndProject
Project("{2150E333-8FDC-42A3-9474-1A3956D46DE8}") = "Payment", "Payment", "{5017D2F9-39CD-4D00-9C6B-D7378B77134D}"
EndProject
Project("{9A19103F-16F7-4668-BE54-9A1E7A4F7556}") = "Payment.API", "Services\Payment\Payment.API\Payment.API.csproj", "{B3E8A2A2-2425-4611-9A51-C6D0AACCD104}"
EndProject
Project("{9A19103F-16F7-4668-BE54-9A1E7A4F7556}") = "Shipment.API", "Services\Shipment\Shipment.API\Shipment.API.csproj", "{23326E72-058B-4443-81BD-414E30D213C6}"
EndProject
Project("{2150E333-8FDC-42A3-9474-1A3956D46DE8}") = "Shipment", "Shipment", "{257D464B-5F01-4C64-B115-478FF679E850}"
EndProject
Project("{9A19103F-16F7-4668-BE54-9A1E7A4F7556}") = "Catalog.Application", "Services\Catalog\Catalog.Application\Catalog.Application.csproj", "{4AD5C658-A3AB-483E-91D2-E62B1A57D1B4}"
EndProject
Project("{9A19103F-16F7-4668-BE54-9A1E7A4F7556}") = "Catalog.DataAccess", "Services\Catalog\Catalog.DataAccess\Catalog.DataAccess.csproj", "{93C70C53-A0D8-4BA0-AD07-F0F4C30C94DF}"
EndProject
Project("{9A19103F-16F7-4668-BE54-9A1E7A4F7556}") = "Catalog.Entities", "Services\Catalog\Catalog.Entities\Catalog.Entities.csproj", "{F7ABBE84-9F9B-49BA-8281-0B159A827926}"
EndProject
Project("{2150E333-8FDC-42A3-9474-1A3956D46DE8}") = "MessageBus", "MessageBus", "{CB44E32A-8D04-4C75-A7BE-D7DED85DBB1E}"
EndProject
Project("{9A19103F-16F7-4668-BE54-9A1E7A4F7556}") = "eshop.Messages", "MessageBus\eshop.Messages\eshop.Messages.csproj", "{81B8D910-987D-4662-8943-B403E9940392}"
EndProject
Project("{2150E333-8FDC-42A3-9474-1A3956D46DE8}") = "Stock", "Stock", "{E15FDDC0-2357-4FD3-A485-0FBB02DF88F4}"
EndProject
Project("{9A19103F-16F7-4668-BE54-9A1E7A4F7556}") = "Stock.API", "Services\Stock\Stock.API\Stock.API.csproj", "{D2C13302-E103-48ED-B591-91702F4F54BF}"
EndProject
Project("{2150E333-8FDC-42A3-9474-1A3956D46DE8}") = "Gateway", "Gateway", "{07E825E2-9953-406D-B80C-75D51C6E54DF}"
EndProject
Project("{9A19103F-16F7-4668-BE54-9A1E7A4F7556}") = "ApiGateway", "Gateway\ApiGateway\ApiGateway.csproj", "{84163978-C030-4BB9-A444-D1A0E006438C}"
EndProject
Project("{2150E333-8FDC-42A3-9474-1A3956D46DE8}") = "Identity", "Identity", "{A8DB67B8-C546-46BF-973E-869B8ED751D8}"
EndProject
Project("{9A19103F-16F7-4668-BE54-9A1E7A4F7556}") = "eshop.Identity", "Services\Identity\eshop.Identity\eshop.Identity.csproj", "{03ADD75A-4811-4C2E-B8E4-09C89A90B8FD}"
EndProject
Project("{E53339B2-1760-4266-BCC7-CA923CBCF16C}") = "docker-compose", "docker-compose.dcproj", "{A3CC7D52-D25F-4C5D-B788-B2F025F0BD64}"
EndProject
Global
	GlobalSection(SolutionConfigurationPlatforms) = preSolution
		Debug|Any CPU = Debug|Any CPU
		Release|Any CPU = Release|Any CPU
	EndGlobalSection
	GlobalSection(ProjectConfigurationPlatforms) = postSolution
		{C8AF2C0F-18BA-4885-A469-1C45EC03F1C7}.Debug|Any CPU.ActiveCfg = Debug|Any CPU
		{C8AF2C0F-18BA-4885-A469-1C45EC03F1C7}.Debug|Any CPU.Build.0 = Debug|Any CPU
		{C8AF2C0F-18BA-4885-A469-1C45EC03F1C7}.Release|Any CPU.ActiveCfg = Release|Any CPU
		{C8AF2C0F-18BA-4885-A469-1C45EC03F1C7}.Release|Any CPU.Build.0 = Release|Any CPU
		{4571F225-6401-40E5-B9C5-731BD6612B1E}.Debug|Any CPU.ActiveCfg = Debug|Any CPU
		{4571F225-6401-40E5-B9C5-731BD6612B1E}.Debug|Any CPU.Build.0 = Debug|Any CPU
		{4571F225-6401-40E5-B9C5-731BD6612B1E}.Release|Any CPU.ActiveCfg = Release|Any CPU
		{4571F225-6401-40E5-B9C5-731BD6612B1E}.Release|Any CPU.Build.0 = Release|Any CPU
		{41ECFC6C-9278-4304-BB37-546C1D788CAB}.Debug|Any CPU.ActiveCfg = Debug|Any CPU
		{41ECFC6C-9278-4304-BB37-546C1D788CAB}.Debug|Any CPU.Build.0 = Debug|Any CPU
		{41ECFC6C-9278-4304-BB37-546C1D788CAB}.Release|Any CPU.ActiveCfg = Release|Any CPU
		{41ECFC6C-9278-4304-BB37-546C1D788CAB}.Release|Any CPU.Build.0 = Release|Any CPU
		{B3E8A2A2-2425-4611-9A51-C6D0AACCD104}.Debug|Any CPU.ActiveCfg = Debug|Any CPU
		{B3E8A2A2-2425-4611-9A51-C6D0AACCD104}.Debug|Any CPU.Build.0 = Debug|Any CPU
		{B3E8A2A2-2425-4611-9A51-C6D0AACCD104}.Release|Any CPU.ActiveCfg = Release|Any CPU
		{B3E8A2A2-2425-4611-9A51-C6D0AACCD104}.Release|Any CPU.Build.0 = Release|Any CPU
		{23326E72-058B-4443-81BD-414E30D213C6}.Debug|Any CPU.ActiveCfg = Debug|Any CPU
		{23326E72-058B-4443-81BD-414E30D213C6}.Debug|Any CPU.Build.0 = Debug|Any CPU
		{23326E72-058B-4443-81BD-414E30D213C6}.Release|Any CPU.ActiveCfg = Release|Any CPU
		{23326E72-058B-4443-81BD-414E30D213C6}.Release|Any CPU.Build.0 = Release|Any CPU
		{4AD5C658-A3AB-483E-91D2-E62B1A57D1B4}.Debug|Any CPU.ActiveCfg = Debug|Any CPU
		{4AD5C658-A3AB-483E-91D2-E62B1A57D1B4}.Debug|Any CPU.Build.0 = Debug|Any CPU
		{4AD5C658-A3AB-483E-91D2-E62B1A57D1B4}.Release|Any CPU.ActiveCfg = Release|Any CPU
		{4AD5C658-A3AB-483E-91D2-E62B1A57D1B4}.Release|Any CPU.Build.0 = Release|Any CPU
		{93C70C53-A0D8-4BA0-AD07-F0F4C30C94DF}.Debug|Any CPU.ActiveCfg = Debug|Any CPU
		{93C70C53-A0D8-4BA0-AD07-F0F4C30C94DF}.Debug|Any CPU.Build.0 = Debug|Any CPU
		{93C70C53-A0D8-4BA0-AD07-F0F4C30C94DF}.Release|Any CPU.ActiveCfg = Release|Any CPU
		{93C70C53-A0D8-4BA0-AD07-F0F4C30C94DF}.Release|Any CPU.Build.0 = Release|Any CPU
		{F7ABBE84-9F9B-49BA-8281-0B159A827926}.Debug|Any CPU.ActiveCfg = Debug|Any CPU
		{F7ABBE84-9F9B-49BA-8281-0B159A827926}.Debug|Any CPU.Build.0 = Debug|Any CPU
		{F7ABBE84-9F9B-49BA-8281-0B159A827926}.Release|Any CPU.ActiveCfg = Release|Any CPU
		{F7ABBE84-9F9B-49BA-8281-0B159A827926}.Release|Any CPU.Build.0 = Release|Any CPU
		{81B8D910-987D-4662-8943-B403E9940392}.Debug|Any CPU.ActiveCfg = Debug|Any CPU
		{81B8D910-987D-4662-8943-B403E9940392}.Debug|Any CPU.Build.0 = Debug|Any CPU
		{81B8D910-987D-4662-8943-B403E9940392}.Release|Any CPU.ActiveCfg = Release|Any CPU
		{81B8D910-987D-4662-8943-B403E9940392}.Release|Any CPU.Build.0 = Release|Any CPU
		{D2C13302-E103-48ED-B591-91702F4F54BF}.Debug|Any CPU.ActiveCfg = Debug|Any CPU
		{D2C13302-E103-48ED-B591-91702F4F54BF}.Debug|Any CPU.Build.0 = Debug|Any CPU
		{D2C13302-E103-48ED-B591-91702F4F54BF}.Release|Any CPU.ActiveCfg = Release|Any CPU
		{D2C13302-E103-48ED-B591-91702F4F54BF}.Release|Any CPU.Build.0 = Release|Any CPU
		{84163978-C030-4BB9-A444-D1A0E006438C}.Debug|Any CPU.ActiveCfg = Debug|Any CPU
		{84163978-C030-4BB9-A444-D1A0E006438C}.Debug|Any CPU.Build.0 = Debug|Any CPU
		{84163978-C030-4BB9-A444-D1A0E006438C}.Release|Any CPU.ActiveCfg = Release|Any CPU
		{84163978-C030-4BB9-A444-D1A0E006438C}.Release|Any CPU.Build.0 = Release|Any CPU
		{03ADD75A-4811-4C2E-B8E4-09C89A90B8FD}.Debug|Any CPU.ActiveCfg = Debug|Any CPU
		{03ADD75A-4811-4C2E-B8E4-09C89A90B8FD}.Debug|Any CPU.Build.0 = Debug|Any CPU
		{03ADD75A-4811-4C2E-B8E4-09C89A90B8FD}.Release|Any CPU.ActiveCfg = Release|Any CPU
		{03ADD75A-4811-4C2E-B8E4-09C89A90B8FD}.Release|Any CPU.Build.0 = Release|Any CPU
		{A3CC7D52-D25F-4C5D-B788-B2F025F0BD64}.Debug|Any CPU.ActiveCfg = Debug|Any CPU
		{A3CC7D52-D25F-4C5D-B788-B2F025F0BD64}.Debug|Any CPU.Build.0 = Debug|Any CPU
		{A3CC7D52-D25F-4C5D-B788-B2F025F0BD64}.Release|Any CPU.ActiveCfg = Release|Any CPU
		{A3CC7D52-D25F-4C5D-B788-B2F025F0BD64}.Release|Any CPU.Build.0 = Release|Any CPU
	EndGlobalSection
	GlobalSection(SolutionProperties) = preSolution
		HideSolutionNode = FALSE
	EndGlobalSection
	GlobalSection(NestedProjects) = preSolution
		{C8AF2C0F-18BA-4885-A469-1C45EC03F1C7} = {A40A0E01-BB11-435C-8A66-9584840E94FE}
		{A40A0E01-BB11-435C-8A66-9584840E94FE} = {DE86AF24-4495-43AF-BC33-EC98E34801D6}
		{1C85B88D-9780-4008-8FBC-CFB0D589FDAB} = {DE86AF24-4495-43AF-BC33-EC98E34801D6}
		{4571F225-6401-40E5-B9C5-731BD6612B1E} = {1C85B88D-9780-4008-8FBC-CFB0D589FDAB}
		{4CDA71D4-17FD-4EB9-8808-CE39312EAD33} = {DE86AF24-4495-43AF-BC33-EC98E34801D6}
		{41ECFC6C-9278-4304-BB37-546C1D788CAB} = {4CDA71D4-17FD-4EB9-8808-CE39312EAD33}
		{5017D2F9-39CD-4D00-9C6B-D7378B77134D} = {DE86AF24-4495-43AF-BC33-EC98E34801D6}
		{B3E8A2A2-2425-4611-9A51-C6D0AACCD104} = {5017D2F9-39CD-4D00-9C6B-D7378B77134D}
		{23326E72-058B-4443-81BD-414E30D213C6} = {257D464B-5F01-4C64-B115-478FF679E850}
		{257D464B-5F01-4C64-B115-478FF679E850} = {DE86AF24-4495-43AF-BC33-EC98E34801D6}
		{4AD5C658-A3AB-483E-91D2-E62B1A57D1B4} = {A40A0E01-BB11-435C-8A66-9584840E94FE}
		{93C70C53-A0D8-4BA0-AD07-F0F4C30C94DF} = {A40A0E01-BB11-435C-8A66-9584840E94FE}
		{F7ABBE84-9F9B-49BA-8281-0B159A827926} = {A40A0E01-BB11-435C-8A66-9584840E94FE}
		{81B8D910-987D-4662-8943-B403E9940392} = {CB44E32A-8D04-4C75-A7BE-D7DED85DBB1E}
		{E15FDDC0-2357-4FD3-A485-0FBB02DF88F4} = {DE86AF24-4495-43AF-BC33-EC98E34801D6}
		{D2C13302-E103-48ED-B591-91702F4F54BF} = {E15FDDC0-2357-4FD3-A485-0FBB02DF88F4}
		{84163978-C030-4BB9-A444-D1A0E006438C} = {07E825E2-9953-406D-B80C-75D51C6E54DF}
		{A8DB67B8-C546-46BF-973E-869B8ED751D8} = {DE86AF24-4495-43AF-BC33-EC98E34801D6}
		{03ADD75A-4811-4C2E-B8E4-09C89A90B8FD} = {A8DB67B8-C546-46BF-973E-869B8ED751D8}
	EndGlobalSection
	GlobalSection(ExtensibilityGlobals) = postSolution
		SolutionGuid = {B625A542-A51E-4C46-A347-9AD2D374F037}
	EndGlobalSection
EndGlobal
