
Microsoft Visual Studio Solution File, Format Version 12.00
# Visual Studio Version 17
VisualStudioVersion = 17.3.32825.248
MinimumVisualStudioVersion = 10.0.40219.1
Project("{2150E333-8FDC-42A3-9474-1A3956D46DE8}") = "Services", "Services", "{DE86AF24-4495-43AF-BC33-EC98E34801D6}"
EndProject
Project("{FAE04EC0-301F-11D3-BF4B-00C04F79EFBC}") = "Catalog.API", "Services\Catalog\Catalog.API\Catalog.API.csproj", "{C8AF2C0F-18BA-4885-A469-1C45EC03F1C7}"
EndProject
Project("{2150E333-8FDC-42A3-9474-1A3956D46DE8}") = "Catalog", "Catalog", "{A40A0E01-BB11-435C-8A66-9584840E94FE}"
EndProject
Project("{2150E333-8FDC-42A3-9474-1A3956D46DE8}") = "Basket", "Basket", "{1C85B88D-9780-4008-8FBC-CFB0D589FDAB}"
EndProject
Project("{FAE04EC0-301F-11D3-BF4B-00C04F79EFBC}") = "Basket.API", "Services\Basket\Basket.API\Basket.API.csproj", "{4571F225-6401-40E5-B9C5-731BD6612B1E}"
EndProject
Project("{2150E333-8FDC-42A3-9474-1A3956D46DE8}") = "Order", "Order", "{4CDA71D4-17FD-4EB9-8808-CE39312EAD33}"
EndProject
Project("{FAE04EC0-301F-11D3-BF4B-00C04F79EFBC}") = "Orders.API", "Services\Order\Orders.API\Orders.API.csproj", "{41ECFC6C-9278-4304-BB37-546C1D788CAB}"
EndProject
Project("{2150E333-8FDC-42A3-9474-1A3956D46DE8}") = "Payment", "Payment", "{5017D2F9-39CD-4D00-9C6B-D7378B77134D}"
EndProject
Project("{FAE04EC0-301F-11D3-BF4B-00C04F79EFBC}") = "Payment.API", "Services\Payment\Payment.API\Payment.API.csproj", "{B3E8A2A2-2425-4611-9A51-C6D0AACCD104}"
EndProject
Project("{FAE04EC0-301F-11D3-BF4B-00C04F79EFBC}") = "Shipment.API", "Services\Shipment\Shipment.API\Shipment.API.csproj", "{23326E72-058B-4443-81BD-414E30D213C6}"
EndProject
Project("{2150E333-8FDC-42A3-9474-1A3956D46DE8}") = "Shipment", "Shipment", "{257D464B-5F01-4C64-B115-478FF679E850}"
EndProject
Project("{FAE04EC0-301F-11D3-BF4B-00C04F79EFBC}") = "Catalog.Application", "Services\Catalog\Catalog.Application\Catalog.Application.csproj", "{4AD5C658-A3AB-483E-91D2-E62B1A57D1B4}"
EndProject
Project("{FAE04EC0-301F-11D3-BF4B-00C04F79EFBC}") = "Catalog.DataAccess", "Services\Catalog\Catalog.DataAccess\Catalog.DataAccess.csproj", "{93C70C53-A0D8-4BA0-AD07-F0F4C30C94DF}"
EndProject
Global
	GlobalSection(SolutionConfigurationPlatforms) = preSolution
		Debug|Any CPU = Debug|Any CPU
		Release|Any CPU = Release|Any CPU
	EndGlobalSection
	GlobalSection(ProjectConfigurationPlatforms) = postSolution
		{C8AF2C0F-18BA-4885-A469-1C45EC03F1C7}.Debug|Any CPU.ActiveCfg = Debug|Any CPU
		{C8AF2C0F-18BA-4885-A469-1C45EC03F1C7}.Debug|Any CPU.Build.0 = Debug|Any CPU
		{C8AF2C0F-18BA-4885-A469-1C45EC03F1C7}.Release|Any CPU.ActiveCfg = Release|Any CPU
		{C8AF2C0F-18BA-4885-A469-1C45EC03F1C7}.Release|Any CPU.Build.0 = Release|Any CPU
		{4571F225-6401-40E5-B9C5-731BD6612B1E}.Debug|Any CPU.ActiveCfg = Debug|Any CPU
		{4571F225-6401-40E5-B9C5-731BD6612B1E}.Debug|Any CPU.Build.0 = Debug|Any CPU
		{4571F225-6401-40E5-B9C5-731BD6612B1E}.Release|Any CPU.ActiveCfg = Release|Any CPU
		{4571F225-6401-40E5-B9C5-731BD6612B1E}.Release|Any CPU.Build.0 = Release|Any CPU
		{41ECFC6C-9278-4304-BB37-546C1D788CAB}.Debug|Any CPU.ActiveCfg = Debug|Any CPU
		{41ECFC6C-9278-4304-BB37-546C1D788CAB}.Debug|Any CPU.Build.0 = Debug|Any CPU
		{41ECFC6C-9278-4304-BB37-546C1D788CAB}.Release|Any CPU.ActiveCfg = Release|Any CPU
		{41ECFC6C-9278-4304-BB37-546C1D788CAB}.Release|Any CPU.Build.0 = Release|Any CPU
		{B3E8A2A2-2425-4611-9A51-C6D0AACCD104}.Debug|Any CPU.ActiveCfg = Debug|Any CPU
		{B3E8A2A2-2425-4611-9A51-C6D0AACCD104}.Debug|Any CPU.Build.0 = Debug|Any CPU
		{B3E8A2A2-2425-4611-9A51-C6D0AACCD104}.Release|Any CPU.ActiveCfg = Release|Any CPU
		{B3E8A2A2-2425-4611-9A51-C6D0AACCD104}.Release|Any CPU.Build.0 = Release|Any CPU
		{23326E72-058B-4443-81BD-414E30D213C6}.Debug|Any CPU.ActiveCfg = Debug|Any CPU
		{23326E72-058B-4443-81BD-414E30D213C6}.Debug|Any CPU.Build.0 = Debug|Any CPU
		{23326E72-058B-4443-81BD-414E30D213C6}.Release|Any CPU.ActiveCfg = Release|Any CPU
		{23326E72-058B-4443-81BD-414E30D213C6}.Release|Any CPU.Build.0 = Release|Any CPU
		{4AD5C658-A3AB-483E-91D2-E62B1A57D1B4}.Debug|Any CPU.ActiveCfg = Debug|Any CPU
		{4AD5C658-A3AB-483E-91D2-E62B1A57D1B4}.Debug|Any CPU.Build.0 = Debug|Any CPU
		{4AD5C658-A3AB-483E-91D2-E62B1A57D1B4}.Release|Any CPU.ActiveCfg = Release|Any CPU
		{4AD5C658-A3AB-483E-91D2-E62B1A57D1B4}.Release|Any CPU.Build.0 = Release|Any CPU
		{93C70C53-A0D8-4BA0-AD07-F0F4C30C94DF}.Debug|Any CPU.ActiveCfg = Debug|Any CPU
		{93C70C53-A0D8-4BA0-AD07-F0F4C30C94DF}.Debug|Any CPU.Build.0 = Debug|Any CPU
		{93C70C53-A0D8-4BA0-AD07-F0F4C30C94DF}.Release|Any CPU.ActiveCfg = Release|Any CPU
		{93C70C53-A0D8-4BA0-AD07-F0F4C30C94DF}.Release|Any CPU.Build.0 = Release|Any CPU
	EndGlobalSection
	GlobalSection(SolutionProperties) = preSolution
		HideSolutionNode = FALSE
	EndGlobalSection
	GlobalSection(NestedProjects) = preSolution
		{C8AF2C0F-18BA-4885-A469-1C45EC03F1C7} = {A40A0E01-BB11-435C-8A66-9584840E94FE}
		{A40A0E01-BB11-435C-8A66-9584840E94FE} = {DE86AF24-4495-43AF-BC33-EC98E34801D6}
		{1C85B88D-9780-4008-8FBC-CFB0D589FDAB} = {DE86AF24-4495-43AF-BC33-EC98E34801D6}
		{4571F225-6401-40E5-B9C5-731BD6612B1E} = {1C85B88D-9780-4008-8FBC-CFB0D589FDAB}
		{4CDA71D4-17FD-4EB9-8808-CE39312EAD33} = {DE86AF24-4495-43AF-BC33-EC98E34801D6}
		{41ECFC6C-9278-4304-BB37-546C1D788CAB} = {4CDA71D4-17FD-4EB9-8808-CE39312EAD33}
		{5017D2F9-39CD-4D00-9C6B-D7378B77134D} = {DE86AF24-4495-43AF-BC33-EC98E34801D6}
		{B3E8A2A2-2425-4611-9A51-C6D0AACCD104} = {5017D2F9-39CD-4D00-9C6B-D7378B77134D}
		{23326E72-058B-4443-81BD-414E30D213C6} = {257D464B-5F01-4C64-B115-478FF679E850}
		{257D464B-5F01-4C64-B115-478FF679E850} = {DE86AF24-4495-43AF-BC33-EC98E34801D6}
		{4AD5C658-A3AB-483E-91D2-E62B1A57D1B4} = {A40A0E01-BB11-435C-8A66-9584840E94FE}
		{93C70C53-A0D8-4BA0-AD07-F0F4C30C94DF} = {A40A0E01-BB11-435C-8A66-9584840E94FE}
	EndGlobalSection
	GlobalSection(ExtensibilityGlobals) = postSolution
		SolutionGuid = {B625A542-A51E-4C46-A347-9AD2D374F037}
	EndGlobalSection
EndGlobal
